{"is_source_file": false, "format": "", "description": "", "external_files": [], "external_methods": [], "published": [], "classes": [], "methods": [], "calls": [], "search-terms": [], "state": 2, "file_id": 3, "knowledge_revision": 21, "git_revision": "aab30db0c6a4687576c2d48920fca5a335dcfe8f", "filename": "/home/kavia/workspace/code-generation/eventsphere-94221-94237/main_container_for_eventsphere/post_process_status.lock", "hash": "9c4ed7ef73e22b872b8055bec08b8979", "format-version": 4, "code-base-name": "default", "revision_history": [{"21": "aab30db0c6a4687576c2d48920fca5a335dcfe8f"}]}